<Solution>
  <Configurations>
    <Platform Name="x64" />
  </Configurations>
  <Project Path="Snap.Nicole.Native/Snap.Nicole.Native.vcxproj" Id="6cbeb489-3946-447d-a1b9-155899bba2be">
    <Platform Solution="*|x64" Project="x64" />
  </Project>
  <Project Path="Snap.Nicole/Snap.Nicole.csproj">
    <Platform Solution="*|x64" Project="x64" />
    <Deploy />
  </Project>
</Solution>
